
Microsoft Visual Studio Solution File, Format Version 12.00
Project("{2150E333-8FDC-42A3-9474-1A3956D46DE8}") = "BookStoreApp", "BookStoreApp", "{B2D0DA84-BEF2-411F-84A2-06A4ECA0C841}"
EndProject
Project("{FAE04EC0-301F-11D3-BF4B-00C04F79EFBC}") = "Repository", "Repository\Repository.csproj", "{7016C1FD-FF96-4B91-9739-4A23D5A0AD65}"
EndProject
Project("{FAE04EC0-301F-11D3-BF4B-00C04F79EFBC}") = "Services", "Services\Services.csproj", "{3F96E5D5-B6CF-44CF-ABA1-A21346A68A72}"
EndProject
Project("{FAE04EC0-301F-11D3-BF4B-00C04F79EFBC}") = "Model", "Model\Model.csproj", "{9E1647F2-2B48-432A-82C7-75700FC5DE84}"
EndProject
Project("{FAE04EC0-301F-11D3-BF4B-00C04F79EFBC}") = "Web", "Web\Web.csproj", "{962952BD-BCE1-4D5F-81CC-37B3450DDA29}"
EndProject
Project("{FAE04EC0-301F-11D3-BF4B-00C04F79EFBC}") = "Client", "Client\Client.csproj", "{964DFA75-2326-48D7-B0D3-2A8880D3F9A4}"
EndProject
Global
	GlobalSection(SolutionConfigurationPlatforms) = preSolution
		Debug|Any CPU = Debug|Any CPU
		Release|Any CPU = Release|Any CPU
	EndGlobalSection
	GlobalSection(NestedProjects) = preSolution
		{7016C1FD-FF96-4B91-9739-4A23D5A0AD65} = {B2D0DA84-BEF2-411F-84A2-06A4ECA0C841}
		{3F96E5D5-B6CF-44CF-ABA1-A21346A68A72} = {B2D0DA84-BEF2-411F-84A2-06A4ECA0C841}
		{9E1647F2-2B48-432A-82C7-75700FC5DE84} = {B2D0DA84-BEF2-411F-84A2-06A4ECA0C841}
		{962952BD-BCE1-4D5F-81CC-37B3450DDA29} = {B2D0DA84-BEF2-411F-84A2-06A4ECA0C841}
		{964DFA75-2326-48D7-B0D3-2A8880D3F9A4} = {B2D0DA84-BEF2-411F-84A2-06A4ECA0C841}
	EndGlobalSection
	GlobalSection(ProjectConfigurationPlatforms) = postSolution
		{7016C1FD-FF96-4B91-9739-4A23D5A0AD65}.Debug|Any CPU.ActiveCfg = Debug|Any CPU
		{7016C1FD-FF96-4B91-9739-4A23D5A0AD65}.Debug|Any CPU.Build.0 = Debug|Any CPU
		{7016C1FD-FF96-4B91-9739-4A23D5A0AD65}.Release|Any CPU.ActiveCfg = Release|Any CPU
		{7016C1FD-FF96-4B91-9739-4A23D5A0AD65}.Release|Any CPU.Build.0 = Release|Any CPU
		{3F96E5D5-B6CF-44CF-ABA1-A21346A68A72}.Debug|Any CPU.ActiveCfg = Debug|Any CPU
		{3F96E5D5-B6CF-44CF-ABA1-A21346A68A72}.Debug|Any CPU.Build.0 = Debug|Any CPU
		{3F96E5D5-B6CF-44CF-ABA1-A21346A68A72}.Release|Any CPU.ActiveCfg = Release|Any CPU
		{3F96E5D5-B6CF-44CF-ABA1-A21346A68A72}.Release|Any CPU.Build.0 = Release|Any CPU
		{9E1647F2-2B48-432A-82C7-75700FC5DE84}.Debug|Any CPU.ActiveCfg = Debug|Any CPU
		{9E1647F2-2B48-432A-82C7-75700FC5DE84}.Debug|Any CPU.Build.0 = Debug|Any CPU
		{9E1647F2-2B48-432A-82C7-75700FC5DE84}.Release|Any CPU.ActiveCfg = Release|Any CPU
		{9E1647F2-2B48-432A-82C7-75700FC5DE84}.Release|Any CPU.Build.0 = Release|Any CPU
		{962952BD-BCE1-4D5F-81CC-37B3450DDA29}.Debug|Any CPU.ActiveCfg = Debug|Any CPU
		{962952BD-BCE1-4D5F-81CC-37B3450DDA29}.Debug|Any CPU.Build.0 = Debug|Any CPU
		{962952BD-BCE1-4D5F-81CC-37B3450DDA29}.Release|Any CPU.ActiveCfg = Release|Any CPU
		{962952BD-BCE1-4D5F-81CC-37B3450DDA29}.Release|Any CPU.Build.0 = Release|Any CPU
		{964DFA75-2326-48D7-B0D3-2A8880D3F9A4}.Debug|Any CPU.ActiveCfg = Debug|Any CPU
		{964DFA75-2326-48D7-B0D3-2A8880D3F9A4}.Debug|Any CPU.Build.0 = Debug|Any CPU
		{964DFA75-2326-48D7-B0D3-2A8880D3F9A4}.Release|Any CPU.ActiveCfg = Release|Any CPU
		{964DFA75-2326-48D7-B0D3-2A8880D3F9A4}.Release|Any CPU.Build.0 = Release|Any CPU
	EndGlobalSection
EndGlobal
